
Microsoft Visual Studio Solution File, Format Version 12.00
# Visual Studio Version 17
VisualStudioVersion = 17.8.34330.188
MinimumVisualStudioVersion = 10.0.40219.1
Project("{FAE04EC0-301F-11D3-BF4B-00C04F79EFBC}") = "oop-adventure", "oop-adventure.csproj", "{96558343-2CFB-46EE-8640-05B33E4EC98A}"
EndProject
Global
	GlobalSection(SolutionConfigurationPlatforms) = preSolution
		Debug|Any CPU = Debug|Any CPU
		Release|Any CPU = Release|Any CPU
	EndGlobalSection
	GlobalSection(ProjectConfigurationPlatforms) = postSolution
		{96558343-2CFB-46EE-8640-05B33E4EC98A}.Debug|Any CPU.ActiveCfg = Debug|Any CPU
		{96558343-2CFB-46EE-8640-05B33E4EC98A}.Debug|Any CPU.Build.0 = Debug|Any CPU
		{96558343-2CFB-46EE-8640-05B33E4EC98A}.Release|Any CPU.ActiveCfg = Release|Any CPU
		{96558343-2CFB-46EE-8640-05B33E4EC98A}.Release|Any CPU.Build.0 = Release|Any CPU
	EndGlobalSection
	GlobalSection(SolutionProperties) = preSolution
		HideSolutionNode = FALSE
	EndGlobalSection
	GlobalSection(ExtensibilityGlobals) = postSolution
		SolutionGuid = {C06C1765-2CF7-402F-9403-5217DCFF7159}
	EndGlobalSection
EndGlobal
