
Microsoft Visual Studio Solution File, Format Version 12.00
# Visual Studio Version 17
VisualStudioVersion = 17.8.34330.188
MinimumVisualStudioVersion = 10.0.40219.1
Project("{9A19103F-16F7-4668-BE54-9A1E7A4F7556}") = "ConfigurationManagerConfigurationProviderLibrary", "ConfigurationManagerConfigurationProviderLibrary\ConfigurationManagerConfigurationProviderLibrary.csproj", "{CE161952-90EF-413C-850E-631BA574AF36}"
EndProject
Project("{9A19103F-16F7-4668-BE54-9A1E7A4F7556}") = "FileConfigurationProviderLibrary", "FileConfigurationProviderLibrary\FileConfigurationProviderLibrary.csproj", "{998FB695-30E0-48B3-8934-B66B643B3AED}"
EndProject
Project("{9A19103F-16F7-4668-BE54-9A1E7A4F7556}") = "Week2", "Week2\Week2.csproj", "{631E5C30-1379-4E97-933B-E1DDC66B64F9}"
EndProject
Global
	GlobalSection(SolutionConfigurationPlatforms) = preSolution
		Debug|Any CPU = Debug|Any CPU
		Release|Any CPU = Release|Any CPU
	EndGlobalSection
	GlobalSection(ProjectConfigurationPlatforms) = postSolution
		{CE161952-90EF-413C-850E-631BA574AF36}.Debug|Any CPU.ActiveCfg = Debug|Any CPU
		{CE161952-90EF-413C-850E-631BA574AF36}.Debug|Any CPU.Build.0 = Debug|Any CPU
		{CE161952-90EF-413C-850E-631BA574AF36}.Release|Any CPU.ActiveCfg = Release|Any CPU
		{CE161952-90EF-413C-850E-631BA574AF36}.Release|Any CPU.Build.0 = Release|Any CPU
		{998FB695-30E0-48B3-8934-B66B643B3AED}.Debug|Any CPU.ActiveCfg = Debug|Any CPU
		{998FB695-30E0-48B3-8934-B66B643B3AED}.Debug|Any CPU.Build.0 = Debug|Any CPU
		{998FB695-30E0-48B3-8934-B66B643B3AED}.Release|Any CPU.ActiveCfg = Release|Any CPU
		{998FB695-30E0-48B3-8934-B66B643B3AED}.Release|Any CPU.Build.0 = Release|Any CPU
		{631E5C30-1379-4E97-933B-E1DDC66B64F9}.Debug|Any CPU.ActiveCfg = Debug|Any CPU
		{631E5C30-1379-4E97-933B-E1DDC66B64F9}.Debug|Any CPU.Build.0 = Debug|Any CPU
		{631E5C30-1379-4E97-933B-E1DDC66B64F9}.Release|Any CPU.ActiveCfg = Release|Any CPU
		{631E5C30-1379-4E97-933B-E1DDC66B64F9}.Release|Any CPU.Build.0 = Release|Any CPU
	EndGlobalSection
	GlobalSection(SolutionProperties) = preSolution
		HideSolutionNode = FALSE
	EndGlobalSection
	GlobalSection(ExtensibilityGlobals) = postSolution
		SolutionGuid = {DAF88147-6A88-4C69-B21B-7894C8F626F5}
	EndGlobalSection
EndGlobal
