
Microsoft Visual Studio Solution File, Format Version 12.00
# Visual Studio Version 17
VisualStudioVersion = 17.8.34330.188
MinimumVisualStudioVersion = 10.0.40219.1
Project("{FAE04EC0-301F-11D3-BF4B-00C04F79EFBC}") = "GreetingService", "GreetingService.csproj", "{293CE701-4288-4BAC-8F05-FF1A9DA20842}"
EndProject
Global
	GlobalSection(SolutionConfigurationPlatforms) = preSolution
		Debug|Any CPU = Debug|Any CPU
		Release|Any CPU = Release|Any CPU
	EndGlobalSection
	GlobalSection(ProjectConfigurationPlatforms) = postSolution
		{293CE701-4288-4BAC-8F05-FF1A9DA20842}.Debug|Any CPU.ActiveCfg = Debug|Any CPU
		{293CE701-4288-4BAC-8F05-FF1A9DA20842}.Debug|Any CPU.Build.0 = Debug|Any CPU
		{293CE701-4288-4BAC-8F05-FF1A9DA20842}.Release|Any CPU.ActiveCfg = Release|Any CPU
		{293CE701-4288-4BAC-8F05-FF1A9DA20842}.Release|Any CPU.Build.0 = Release|Any CPU
	EndGlobalSection
	GlobalSection(SolutionProperties) = preSolution
		HideSolutionNode = FALSE
	EndGlobalSection
	GlobalSection(ExtensibilityGlobals) = postSolution
		SolutionGuid = {EAA72BEE-E179-4A99-81B6-8F96DD6CBC95}
	EndGlobalSection
EndGlobal
