
Microsoft Visual Studio Solution File, Format Version 12.00
# Visual Studio Version 17
VisualStudioVersion = 17.8.34330.188
MinimumVisualStudioVersion = 10.0.40219.1
Project("{00D1A9C2-B5F0-4AF3-8072-F6C62B433612}") = "SQLFundamentals", "SQLFundamentals.sqlproj", "{F87936F7-4409-4B6E-A0A8-1AC34AEB10EE}"
EndProject
Global
	GlobalSection(SolutionConfigurationPlatforms) = preSolution
		Debug|Any CPU = Debug|Any CPU
		Release|Any CPU = Release|Any CPU
	EndGlobalSection
	GlobalSection(ProjectConfigurationPlatforms) = postSolution
		{F87936F7-4409-4B6E-A0A8-1AC34AEB10EE}.Debug|Any CPU.ActiveCfg = Debug|Any CPU
		{F87936F7-4409-4B6E-A0A8-1AC34AEB10EE}.Debug|Any CPU.Build.0 = Debug|Any CPU
		{F87936F7-4409-4B6E-A0A8-1AC34AEB10EE}.Debug|Any CPU.Deploy.0 = Debug|Any CPU
		{F87936F7-4409-4B6E-A0A8-1AC34AEB10EE}.Release|Any CPU.ActiveCfg = Release|Any CPU
		{F87936F7-4409-4B6E-A0A8-1AC34AEB10EE}.Release|Any CPU.Build.0 = Release|Any CPU
		{F87936F7-4409-4B6E-A0A8-1AC34AEB10EE}.Release|Any CPU.Deploy.0 = Release|Any CPU
	EndGlobalSection
	GlobalSection(SolutionProperties) = preSolution
		HideSolutionNode = FALSE
	EndGlobalSection
	GlobalSection(ExtensibilityGlobals) = postSolution
		SolutionGuid = {FCD46C7E-E61B-463E-95ED-C13249FC840D}
	EndGlobalSection
EndGlobal
